
Microsoft Visual Studio Solution File, Format Version 12.00
Project("{8BC9CEB8-8B4A-11D0-8D11-00A0C91BC942}") = "GLOOP", "GLOOP\GLOOP.vcxproj", "{1B1EEBED-CF40-4694-A9E5-27A39FA8A2B7}"
EndProject
Project("{8BC9CEB8-8B4A-11D0-8D11-00A0C91BC942}") = "Testing", "Testing\Testing.vcxproj", "{1BE3360B-BBBA-4FD2-A8CB-11DE48000955}"
EndProject
Global
	GlobalSection(SolutionConfigurationPlatforms) = preSolution
		Debug|Win32 = Debug|Win32
		Debug|x64 = Debug|x64
		Release|Win32 = Release|Win32
		Release|x64 = Release|x64
	EndGlobalSection
	GlobalSection(ProjectConfigurationPlatforms) = postSolution
		{1B1EEBED-CF40-4694-A9E5-27A39FA8A2B7}.Debug|Win32.ActiveCfg = Debug|Win32
		{1B1EEBED-CF40-4694-A9E5-27A39FA8A2B7}.Debug|Win32.Build.0 = Debug|Win32
		{1B1EEBED-CF40-4694-A9E5-27A39FA8A2B7}.Debug|x64.ActiveCfg = Debug|x64
		{1B1EEBED-CF40-4694-A9E5-27A39FA8A2B7}.Debug|x64.Build.0 = Debug|x64
		{1B1EEBED-CF40-4694-A9E5-27A39FA8A2B7}.Release|Win32.ActiveCfg = Release|Win32
		{1B1EEBED-CF40-4694-A9E5-27A39FA8A2B7}.Release|Win32.Build.0 = Release|Win32
		{1B1EEBED-CF40-4694-A9E5-27A39FA8A2B7}.Release|x64.ActiveCfg = Release|x64
		{1B1EEBED-CF40-4694-A9E5-27A39FA8A2B7}.Release|x64.Build.0 = Release|x64
		{1BE3360B-BBBA-4FD2-A8CB-11DE48000955}.Debug|Win32.ActiveCfg = Debug|Win32
		{1BE3360B-BBBA-4FD2-A8CB-11DE48000955}.Debug|Win32.Build.0 = Debug|Win32
		{1BE3360B-BBBA-4FD2-A8CB-11DE48000955}.Debug|x64.ActiveCfg = Debug|x64
		{1BE3360B-BBBA-4FD2-A8CB-11DE48000955}.Debug|x64.Build.0 = Debug|x64
		{1BE3360B-BBBA-4FD2-A8CB-11DE48000955}.Release|Win32.ActiveCfg = Release|Win32
		{1BE3360B-BBBA-4FD2-A8CB-11DE48000955}.Release|Win32.Build.0 = Release|Win32
		{1BE3360B-BBBA-4FD2-A8CB-11DE48000955}.Release|x64.ActiveCfg = Release|x64
		{1BE3360B-BBBA-4FD2-A8CB-11DE48000955}.Release|x64.Build.0 = Release|x64
	EndGlobalSection
EndGlobal
